// !$*UTF8*$!
{
	archiveVersion = 1;
	classes = {
	};
	objectVersion = 50;
	objects = {

/* Begin PBXBuildFile section */
		C72DB1F2223514F000D3A686 /* outlineview_data.m in Sources */ = {isa = PBXBuildFile; fileRef = C72DB1F1223514F000D3A686 /* outlineview_data.m */; };
		C75326FB2234FCBF00A5650C /* AppDelegate.m in Sources */ = {isa = PBXBuildFile; fileRef = C75326FA2234FCBF00A5650C /* AppDelegate.m */; };
		C75326FE2234FCBF00A5650C /* ViewController.m in Sources */ = {isa = PBXBuildFile; fileRef = C75326FD2234FCBF00A5650C /* ViewController.m */; };
		C75327012234FCC000A5650C /* Document.m in Sources */ = {isa = PBXBuildFile; fileRef = C75327002234FCC000A5650C /* Document.m */; };
		C75327032234FCC000A5650C /* Assets.xcassets in Resources */ = {isa = PBXBuildFile; fileRef = C75327022234FCC000A5650C /* Assets.xcassets */; };
		C75327062234FCC000A5650C /* Main.storyboard in Resources */ = {isa = PBXBuildFile; fileRef = C75327042234FCC000A5650C /* Main.storyboard */; };
		C75327092234FCC000A5650C /* main.m in Sources */ = {isa = PBXBuildFile; fileRef = C75327082234FCC000A5650C /* main.m */; };
/* End PBXBuildFile section */

/* Begin PBXFileReference section */
		C72DB1F0223514B700D3A686 /* outlineview_data.h */ = {isa = PBXFileReference; lastKnownFileType = sourcecode.c.h; path = outlineview_data.h; sourceTree = "<group>"; };
		C72DB1F1223514F000D3A686 /* outlineview_data.m */ = {isa = PBXFileReference; lastKnownFileType = sourcecode.c.objc; path = outlineview_data.m; sourceTree = "<group>"; };
		C75326F62234FCBF00A5650C /* codegen.app */ = {isa = PBXFileReference; explicitFileType = wrapper.application; includeInIndex = 0; path = codegen.app; sourceTree = BUILT_PRODUCTS_DIR; };
		C75326F92234FCBF00A5650C /* AppDelegate.h */ = {isa = PBXFileReference; lastKnownFileType = sourcecode.c.h; path = AppDelegate.h; sourceTree = "<group>"; };
		C75326FA2234FCBF00A5650C /* AppDelegate.m */ = {isa = PBXFileReference; lastKnownFileType = sourcecode.c.objc; path = AppDelegate.m; sourceTree = "<group>"; };
		C75326FC2234FCBF00A5650C /* ViewController.h */ = {isa = PBXFileReference; lastKnownFileType = sourcecode.c.h; path = ViewController.h; sourceTree = "<group>"; };
		C75326FD2234FCBF00A5650C /* ViewController.m */ = {isa = PBXFileReference; lastKnownFileType = sourcecode.c.objc; path = ViewController.m; sourceTree = "<group>"; };
		C75326FF2234FCBF00A5650C /* Document.h */ = {isa = PBXFileReference; lastKnownFileType = sourcecode.c.h; path = Document.h; sourceTree = "<group>"; };
		C75327002234FCC000A5650C /* Document.m */ = {isa = PBXFileReference; lastKnownFileType = sourcecode.c.objc; path = Document.m; sourceTree = "<group>"; };
		C75327022234FCC000A5650C /* Assets.xcassets */ = {isa = PBXFileReference; lastKnownFileType = folder.assetcatalog; path = Assets.xcassets; sourceTree = "<group>"; };
		C75327052234FCC000A5650C /* Base */ = {isa = PBXFileReference; lastKnownFileType = file.storyboard; name = Base; path = Base.lproj/Main.storyboard; sourceTree = "<group>"; };
		C75327072234FCC000A5650C /* Info.plist */ = {isa = PBXFileReference; lastKnownFileType = text.plist.xml; path = Info.plist; sourceTree = "<group>"; };
		C75327082234FCC000A5650C /* main.m */ = {isa = PBXFileReference; lastKnownFileType = sourcecode.c.objc; path = main.m; sourceTree = "<group>"; };
		C753270A2234FCC000A5650C /* codegen1.entitlements */ = {isa = PBXFileReference; lastKnownFileType = text.plist.entitlements; path = codegen1.entitlements; sourceTree = "<group>"; };
/* End PBXFileReference section */

/* Begin PBXFrameworksBuildPhase section */
		C75326F32234FCBF00A5650C /* Frameworks */ = {
			isa = PBXFrameworksBuildPhase;
			buildActionMask = 2147483647;
			files = (
			);
			runOnlyForDeploymentPostprocessing = 0;
		};
/* End PBXFrameworksBuildPhase section */

/* Begin PBXGroup section */
		C75326ED2234FCBF00A5650C = {
			isa = PBXGroup;
			children = (
				C75326F82234FCBF00A5650C /* codegen */,
				C75326F72234FCBF00A5650C /* Products */,
			);
			sourceTree = "<group>";
		};
		C75326F72234FCBF00A5650C /* Products */ = {
			isa = PBXGroup;
			children = (
				C75326F62234FCBF00A5650C /* codegen.app */,
			);
			name = Products;
			sourceTree = "<group>";
		};
		C75326F82234FCBF00A5650C /* codegen */ = {
			isa = PBXGroup;
			children = (
				C75326F92234FCBF00A5650C /* AppDelegate.h */,
				C75326FA2234FCBF00A5650C /* AppDelegate.m */,
				C75326FC2234FCBF00A5650C /* ViewController.h */,
				C75326FD2234FCBF00A5650C /* ViewController.m */,
				C75326FF2234FCBF00A5650C /* Document.h */,
				C75327002234FCC000A5650C /* Document.m */,
				C75327022234FCC000A5650C /* Assets.xcassets */,
				C75327042234FCC000A5650C /* Main.storyboard */,
				C75327072234FCC000A5650C /* Info.plist */,
				C75327082234FCC000A5650C /* main.m */,
				C753270A2234FCC000A5650C /* codegen1.entitlements */,
				C72DB1F0223514B700D3A686 /* outlineview_data.h */,
				C72DB1F1223514F000D3A686 /* outlineview_data.m */,
			);
			path = codegen;
			sourceTree = "<group>";
		};
/* End PBXGroup section */

/* Begin PBXNativeTarget section */
		C75326F52234FCBF00A5650C /* codegen */ = {
			isa = PBXNativeTarget;
			buildConfigurationList = C753270D2234FCC000A5650C /* Build configuration list for PBXNativeTarget "codegen" */;
			buildPhases = (
				C75326F22234FCBF00A5650C /* Sources */,
				C75326F32234FCBF00A5650C /* Frameworks */,
				C75326F42234FCBF00A5650C /* Resources */,
			);
			buildRules = (
			);
			dependencies = (
			);
			name = codegen;
			productName = codegen1;
			productReference = C75326F62234FCBF00A5650C /* codegen.app */;
			productType = "com.apple.product-type.application";
		};
/* End PBXNativeTarget section */

/* Begin PBXProject section */
		C75326EE2234FCBF00A5650C /* Project object */ = {
			isa = PBXProject;
			attributes = {
				LastUpgradeCheck = 1010;
				ORGANIZATIONNAME = eyu;
				TargetAttributes = {
					C75326F52234FCBF00A5650C = {
						CreatedOnToolsVersion = 10.1;
					};
				};
			};
			buildConfigurationList = C75326F12234FCBF00A5650C /* Build configuration list for PBXProject "codegen" */;
			compatibilityVersion = "Xcode 9.3";
			developmentRegion = en;
			hasScannedForEncodings = 0;
			knownRegions = (
				en,
				Base,
			);
			mainGroup = C75326ED2234FCBF00A5650C;
			productRefGroup = C75326F72234FCBF00A5650C /* Products */;
			projectDirPath = "";
			projectRoot = "";
			targets = (
				C75326F52234FCBF00A5650C /* codegen */,
			);
		};
/* End PBXProject section */

/* Begin PBXResourcesBuildPhase section */
		C75326F42234FCBF00A5650C /* Resources */ = {
			isa = PBXResourcesBuildPhase;
			buildActionMask = 2147483647;
			files = (
				C75327032234FCC000A5650C /* Assets.xcassets in Resources */,
				C75327062234FCC000A5650C /* Main.storyboard in Resources */,
			);
			runOnlyForDeploymentPostprocessing = 0;
		};
/* End PBXResourcesBuildPhase section */

/* Begin PBXSourcesBuildPhase section */
		C75326F22234FCBF00A5650C /* Sources */ = {
			isa = PBXSourcesBuildPhase;
			buildActionMask = 2147483647;
			files = (
				C75327012234FCC000A5650C /* Document.m in Sources */,
				C75326FE2234FCBF00A5650C /* ViewController.m in Sources */,
				C75327092234FCC000A5650C /* main.m in Sources */,
				C75326FB2234FCBF00A5650C /* AppDelegate.m in Sources */,
				C72DB1F2223514F000D3A686 /* outlineview_data.m in Sources */,
			);
			runOnlyForDeploymentPostprocessing = 0;
		};
/* End PBXSourcesBuildPhase section */

/* Begin PBXVariantGroup section */
		C75327042234FCC000A5650C /* Main.storyboard */ = {
			isa = PBXVariantGroup;
			children = (
				C75327052234FCC000A5650C /* Base */,
			);
			name = Main.storyboard;
			sourceTree = "<group>";
		};
/* End PBXVariantGroup section */

/* Begin XCBuildConfiguration section */
		C753270B2234FCC000A5650C /* Debug */ = {
			isa = XCBuildConfiguration;
			buildSettings = {
				ALWAYS_SEARCH_USER_PATHS = NO;
				CLANG_ANALYZER_NONNULL = YES;
				CLANG_ANALYZER_NUMBER_OBJECT_CONVERSION = YES_AGGRESSIVE;
				CLANG_CXX_LANGUAGE_STANDARD = "gnu++14";
				CLANG_CXX_LIBRARY = "libc++";
				CLANG_ENABLE_MODULES = YES;
				CLANG_ENABLE_OBJC_ARC = YES;
				CLANG_ENABLE_OBJC_WEAK = YES;
				CLANG_WARN_BLOCK_CAPTURE_AUTORELEASING = YES;
				CLANG_WARN_BOOL_CONVERSION = YES;
				CLANG_WARN_COMMA = YES;
				CLANG_WARN_CONSTANT_CONVERSION = YES;
				CLANG_WARN_DEPRECATED_OBJC_IMPLEMENTATIONS = YES;
				CLANG_WARN_DIRECT_OBJC_ISA_USAGE = YES_ERROR;
				CLANG_WARN_DOCUMENTATION_COMMENTS = YES;
				CLANG_WARN_EMPTY_BODY = YES;
				CLANG_WARN_ENUM_CONVERSION = YES;
				CLANG_WARN_INFINITE_RECURSION = YES;
				CLANG_WARN_INT_CONVERSION = YES;
				CLANG_WARN_NON_LITERAL_NULL_CONVERSION = YES;
				CLANG_WARN_OBJC_IMPLICIT_RETAIN_SELF = YES;
				CLANG_WARN_OBJC_LITERAL_CONVERSION = YES;
				CLANG_WARN_OBJC_ROOT_CLASS = YES_ERROR;
				CLANG_WARN_RANGE_LOOP_ANALYSIS = YES;
				CLANG_WARN_STRICT_PROTOTYPES = YES;
				CLANG_WARN_SUSPICIOUS_MOVE = YES;
				CLANG_WARN_UNGUARDED_AVAILABILITY = YES_AGGRESSIVE;
				CLANG_WARN_UNREACHABLE_CODE = YES;
				CLANG_WARN__DUPLICATE_METHOD_MATCH = YES;
				CODE_SIGN_IDENTITY = "-";
				COPY_PHASE_STRIP = NO;
				DEBUG_INFORMATION_FORMAT = dwarf;
				ENABLE_STRICT_OBJC_MSGSEND = YES;
				ENABLE_TESTABILITY = YES;
				GCC_C_LANGUAGE_STANDARD = gnu11;
				GCC_DYNAMIC_NO_PIC = NO;
				GCC_NO_COMMON_BLOCKS = YES;
				GCC_OPTIMIZATION_LEVEL = 0;
				GCC_PREPROCESSOR_DEFINITIONS = (
					"DEBUG=1",
					"$(inherited)",
				);
				GCC_WARN_64_TO_32_BIT_CONVERSION = YES;
				GCC_WARN_ABOUT_RETURN_TYPE = YES_ERROR;
				GCC_WARN_UNDECLARED_SELECTOR = YES;
				GCC_WARN_UNINITIALIZED_AUTOS = YES_AGGRESSIVE;
				GCC_WARN_UNUSED_FUNCTION = YES;
				GCC_WARN_UNUSED_VARIABLE = YES;
				MACOSX_DEPLOYMENT_TARGET = 10.13;
				MTL_ENABLE_DEBUG_INFO = INCLUDE_SOURCE;
				MTL_FAST_MATH = YES;
				ONLY_ACTIVE_ARCH = YES;
				SDKROOT = macosx;
			};
			name = Debug;
		};
		C753270C2234FCC000A5650C /* Release */ = {
			isa = XCBuildConfiguration;
			buildSettings = {
				ALWAYS_SEARCH_USER_PATHS = NO;
				CLANG_ANALYZER_NONNULL = YES;
				CLANG_ANALYZER_NUMBER_OBJECT_CONVERSION = YES_AGGRESSIVE;
				CLANG_CXX_LANGUAGE_STANDARD = "gnu++14";
				CLANG_CXX_LIBRARY = "libc++";
				CLANG_ENABLE_MODULES = YES;
				CLANG_ENABLE_OBJC_ARC = YES;
				CLANG_ENABLE_OBJC_WEAK = YES;
				CLANG_WARN_BLOCK_CAPTURE_AUTORELEASING = YES;
				CLANG_WARN_BOOL_CONVERSION = YES;
				CLANG_WARN_COMMA = YES;
				CLANG_WARN_CONSTANT_CONVERSION = YES;
				CLANG_WARN_DEPRECATED_OBJC_IMPLEMENTATIONS = YES;
				CLANG_WARN_DIRECT_OBJC_ISA_USAGE = YES_ERROR;
				CLANG_WARN_DOCUMENTATION_COMMENTS = YES;
				CLANG_WARN_EMPTY_BODY = YES;
				CLANG_WARN_ENUM_CONVERSION = YES;
				CLANG_WARN_INFINITE_RECURSION = YES;
				CLANG_WARN_INT_CONVERSION = YES;
				CLANG_WARN_NON_LITERAL_NULL_CONVERSION = YES;
				CLANG_WARN_OBJC_IMPLICIT_RETAIN_SELF = YES;
				CLANG_WARN_OBJC_LITERAL_CONVERSION = YES;
				CLANG_WARN_OBJC_ROOT_CLASS = YES_ERROR;
				CLANG_WARN_RANGE_LOOP_ANALYSIS = YES;
				CLANG_WARN_STRICT_PROTOTYPES = YES;
				CLANG_WARN_SUSPICIOUS_MOVE = YES;
				CLANG_WARN_UNGUARDED_AVAILABILITY = YES_AGGRESSIVE;
				CLANG_WARN_UNREACHABLE_CODE = YES;
				CLANG_WARN__DUPLICATE_METHOD_MATCH = YES;
				CODE_SIGN_IDENTITY = "-";
				COPY_PHASE_STRIP = NO;
				DEBUG_INFORMATION_FORMAT = "dwarf-with-dsym";
				ENABLE_NS_ASSERTIONS = NO;
				ENABLE_STRICT_OBJC_MSGSEND = YES;
				GCC_C_LANGUAGE_STANDARD = gnu11;
				GCC_NO_COMMON_BLOCKS = YES;
				GCC_WARN_64_TO_32_BIT_CONVERSION = YES;
				GCC_WARN_ABOUT_RETURN_TYPE = YES_ERROR;
				GCC_WARN_UNDECLARED_SELECTOR = YES;
				GCC_WARN_UNINITIALIZED_AUTOS = YES_AGGRESSIVE;
				GCC_WARN_UNUSED_FUNCTION = YES;
				GCC_WARN_UNUSED_VARIABLE = YES;
				MACOSX_DEPLOYMENT_TARGET = 10.13;
				MTL_ENABLE_DEBUG_INFO = NO;
				MTL_FAST_MATH = YES;
				SDKROOT = macosx;
			};
			name = Release;
		};
		C753270E2234FCC000A5650C /* Debug */ = {
			isa = XCBuildConfiguration;
			buildSettings = {
				ASSETCATALOG_COMPILER_APPICON_NAME = AppIcon;
				CODE_SIGN_ENTITLEMENTS = codegen/codegen.entitlements;
				CODE_SIGN_STYLE = Automatic;
				COMBINE_HIDPI_IMAGES = YES;
				INFOPLIST_FILE = codegen/Info.plist;
				LD_RUNPATH_SEARCH_PATHS = (
					"$(inherited)",
					"@executable_path/../Frameworks",
				);
				PRODUCT_BUNDLE_IDENTIFIER = com.ccteam.codegen;
				PRODUCT_NAME = "$(TARGET_NAME)";
			};
			name = Debug;
		};
		C753270F2234FCC000A5650C /* Release */ = {
			isa = XCBuildConfiguration;
			buildSettings = {
				ASSETCATALOG_COMPILER_APPICON_NAME = AppIcon;
				CODE_SIGN_ENTITLEMENTS = codegen/codegen.entitlements;
				CODE_SIGN_STYLE = Automatic;
				COMBINE_HIDPI_IMAGES = YES;
				INFOPLIST_FILE = codegen/Info.plist;
				LD_RUNPATH_SEARCH_PATHS = (
					"$(inherited)",
					"@executable_path/../Frameworks",
				);
				PRODUCT_BUNDLE_IDENTIFIER = com.ccteam.codegen;
				PRODUCT_NAME = "$(TARGET_NAME)";
			};
			name = Release;
		};
/* End XCBuildConfiguration section */

/* Begin XCConfigurationList section */
		C75326F12234FCBF00A5650C /* Build configuration list for PBXProject "codegen" */ = {
			isa = XCConfigurationList;
			buildConfigurations = (
				C753270B2234FCC000A5650C /* Debug */,
				C753270C2234FCC000A5650C /* Release */,
			);
			defaultConfigurationIsVisible = 0;
			defaultConfigurationName = Release;
		};
		C753270D2234FCC000A5650C /* Build configuration list for PBXNativeTarget "codegen" */ = {
			isa = XCConfigurationList;
			buildConfigurations = (
				C753270E2234FCC000A5650C /* Debug */,
				C753270F2234FCC000A5650C /* Release */,
			);
			defaultConfigurationIsVisible = 0;
			defaultConfigurationName = Release;
		};
/* End XCConfigurationList section */
	};
	rootObject = C75326EE2234FCBF00A5650C /* Project object */;
}
